# THIS IS AN AUTOGENERATED FILE. DO NOT EDIT THIS FILE DIRECTLY.
# yarn lockfile v1


"@playwright/test@^1.23.0":
  version "1.23.0"
  resolved "https://registry.yarnpkg.com/@playwright/test/-/test-1.23.0.tgz#5d07ace37e1598a4a1a785b07856620b4e26fc43"
  integrity sha512-RPWI8AHBVBiDyfTuxi1BhOaY3yaVy3S5ZsGKkSGGeWpZtSgN4SerInCYvgh9+EunIAK4RJQo+bzupbAn5pVqHQ==
  dependencies:
    "@types/node" "*"
    playwright-core "1.23.0"

"@types/node@*":
  version "18.0.0"
  resolved "https://registry.yarnpkg.com/@types/node/-/node-18.0.0.tgz#67c7b724e1bcdd7a8821ce0d5ee184d3b4dd525a"
  integrity sha512-cHlGmko4gWLVI27cGJntjs/Sj8th9aYwplmZFwmmgYQQvL5NUsgVJG7OddLvNfLqYS31KFN0s3qlaD9qCaxACA==

playwright-core@1.23.0:
  version "1.23.0"
  resolved "https://registry.yarnpkg.com/playwright-core/-/playwright-core-1.23.0.tgz#51e24121b3a5bbe759d79738d8eff7a63156293c"
  integrity sha512-Zzhyr5RZGoJ1ek2sgfJCt2076kdOg8hnNwFBqAYeLySiutXyxSQk93vZ5gbnFiWV1sHvueCcwla9n35acUTxtA==
